
Microsoft Visual Studio Solution File, Format Version 12.00
# Visual Studio Version 17
VisualStudioVersion = 17.12.35527.113 d17.12
MinimumVisualStudioVersion = 10.0.40219.1
Project("{FAE04EC0-301F-11D3-BF4B-00C04F79EFBC}") = "Domain", "Domain\Domain.csproj", "{E9E544F2-9A23-4DE6-955C-5AA4B532EE3D}"
EndProject
Project("{FAE04EC0-301F-11D3-BF4B-00C04F79EFBC}") = "Application", "Application\Application.csproj", "{4B28DC73-04A2-4520-A19E-094A3A3A4114}"
EndProject
Project("{FAE04EC0-301F-11D3-BF4B-00C04F79EFBC}") = "Infrastructure", "Infrastructure\Infrastructure.csproj", "{E825F369-38C0-4FB4-A216-A8478042A21D}"
EndProject
Project("{FAE04EC0-301F-11D3-BF4B-00C04F79EFBC}") = "Web", "Web\Web.csproj", "{C72CA886-E787-4201-9CCC-2B74467BF474}"
EndProject
Global
	GlobalSection(SolutionConfigurationPlatforms) = preSolution
		Debug|Any CPU = Debug|Any CPU
		Release|Any CPU = Release|Any CPU
	EndGlobalSection
	GlobalSection(ProjectConfigurationPlatforms) = postSolution
		{E9E544F2-9A23-4DE6-955C-5AA4B532EE3D}.Debug|Any CPU.ActiveCfg = Debug|Any CPU
		{E9E544F2-9A23-4DE6-955C-5AA4B532EE3D}.Debug|Any CPU.Build.0 = Debug|Any CPU
		{E9E544F2-9A23-4DE6-955C-5AA4B532EE3D}.Release|Any CPU.ActiveCfg = Release|Any CPU
		{E9E544F2-9A23-4DE6-955C-5AA4B532EE3D}.Release|Any CPU.Build.0 = Release|Any CPU
		{4B28DC73-04A2-4520-A19E-094A3A3A4114}.Debug|Any CPU.ActiveCfg = Debug|Any CPU
		{4B28DC73-04A2-4520-A19E-094A3A3A4114}.Debug|Any CPU.Build.0 = Debug|Any CPU
		{4B28DC73-04A2-4520-A19E-094A3A3A4114}.Release|Any CPU.ActiveCfg = Release|Any CPU
		{4B28DC73-04A2-4520-A19E-094A3A3A4114}.Release|Any CPU.Build.0 = Release|Any CPU
		{E825F369-38C0-4FB4-A216-A8478042A21D}.Debug|Any CPU.ActiveCfg = Debug|Any CPU
		{E825F369-38C0-4FB4-A216-A8478042A21D}.Debug|Any CPU.Build.0 = Debug|Any CPU
		{E825F369-38C0-4FB4-A216-A8478042A21D}.Release|Any CPU.ActiveCfg = Release|Any CPU
		{E825F369-38C0-4FB4-A216-A8478042A21D}.Release|Any CPU.Build.0 = Release|Any CPU
		{C72CA886-E787-4201-9CCC-2B74467BF474}.Debug|Any CPU.ActiveCfg = Debug|Any CPU
		{C72CA886-E787-4201-9CCC-2B74467BF474}.Debug|Any CPU.Build.0 = Debug|Any CPU
		{C72CA886-E787-4201-9CCC-2B74467BF474}.Release|Any CPU.ActiveCfg = Release|Any CPU
		{C72CA886-E787-4201-9CCC-2B74467BF474}.Release|Any CPU.Build.0 = Release|Any CPU
	EndGlobalSection
	GlobalSection(SolutionProperties) = preSolution
		HideSolutionNode = FALSE
	EndGlobalSection
EndGlobal
